<?xml version="1.0" encoding="UTF-8" standalone="yes" ?>
<CodeBlocks_project_file>
	<FileVersion major="1" minor="6" />
	<Project>
		<Option title="mse" />
		<Option pch_mode="2" />
		<Option compiler="gcc" />
		<Build>
			<Target title="Debug Win32">
				<Option output="../build/Debug Win32/mse" prefix_auto="1" extension_auto="1" />
				<Option object_output="../build/Debug Win32" />
				<Option type="0" />
				<Option compiler="gcc" />
				<Compiler>
					<Add option="-DWIN32" />
					<Add option="-D_DEBUG" />
					<Add option="-D_WINDOWS" />
					<Add option="-D__WINDOWS__" />
					<Add option="-D__WXMSW__" />
					<Add option="-DDEBUG=1" />
					<Add option="-D__WXDEBUG__" />
					<Add option="-D__WIN95__" />
					<Add option="-D__WIN32__" />
					<Add option="-DWINVER=0x0400" />
					<Add option="-DSTRICT" />
					<Add option="-DHUNSPELL_STATIC" />
					<Add option="-Wall" />
					<Add option="-g" />
					<Add option="-O0" />
					<Add directory="." />
					<Add directory="$(WX_PATH)/include" />
					<Add directory="$(WX_PATH)/lib/vc_lib/mswd" />
				</Compiler>
				<ResourceCompiler>
					<Add directory="." />
					<Add directory="$(WX_PATH)/include" />
					<Add directory="$(WX_PATH)/lib/vc_lib/mswd" />
				</ResourceCompiler>
				<Linker>
					<Add library="rpcrt4" />
					<Add library="wsock32" />
					<Add library="comctl32" />
					<Add library="wxbase$(WX_VERSION)d" />
					<Add library="wxmsw$(WX_VERSION)d_core" />
					<Add library="wxjpegd" />
					<Add library="wxpngd" />
					<Add library="wxtiffd" />
					<Add library="wxzlibd" />
					<Add library="wxregexd" />
					<Add library="wxbase$(WX_VERSION)d_net" />
					<Add library="wxmsw$(WX_VERSION)d_html" />
					<Add library="libhunspelld" />
				</Linker>
			</Target>
			<Target title="Release Win32">
				<Option output="../build/Release Win32/mse" prefix_auto="1" extension_auto="1" />
				<Option object_output="../build/Release Win32" />
				<Option type="0" />
				<Option compiler="gcc" />
				<Compiler>
					<Add option="-DNDEBUG" />
					<Add option="-DWIN32" />
					<Add option="-D_WINDOWS" />
					<Add option="-D__WINDOWS__" />
					<Add option="-D__WXMSW__" />
					<Add option="-D__WIN95__" />
					<Add option="-D__WIN32__" />
					<Add option="-DWINVER=0x0400" />
					<Add option="-DSTRICT" />
					<Add option="-DUSE_SCRIPT_PROFILING=0" />
					<Add option="-DHUNSPELL_STATIC" />
					<Add option="-Wall" />
					<Add option="-O2" />
					<Add directory="." />
					<Add directory="$(WX_PATH)/include" />
					<Add directory="$(WX_PATH)/lib/vc_lib/msw" />
				</Compiler>
				<ResourceCompiler>
					<Add directory="." />
					<Add directory="$(WX_PATH)/include" />
					<Add directory="$(WX_PATH)/lib/vc_lib/msw" />
				</ResourceCompiler>
				<Linker>
					<Add library="rpcrt4" />
					<Add library="wsock32" />
					<Add library="comctl32" />
					<Add library="wxbase$(WX_VERSION)" />
					<Add library="wxmsw$(WX_VERSION)_core" />
					<Add library="wxjpeg" />
					<Add library="wxpng" />
					<Add library="wxtiff" />
					<Add library="wxzlib" />
					<Add library="wxregex" />
					<Add library="wxbase$(WX_VERSION)_net" />
					<Add library="wxmsw$(WX_VERSION)_html" />
					<Add library="libhunspell" />
				</Linker>
			</Target>
			<Target title="Debug Unicode Win32">
				<Option output="mse" prefix_auto="1" extension_auto="1" />
				<Option object_output="../build/Debug Unicode Win32" />
				<Option type="0" />
				<Option compiler="gcc" />
				<Compiler>
					<Add option="-DWIN32" />
					<Add option="-D_DEBUG" />
					<Add option="-D_WINDOWS" />
					<Add option="-D__WINDOWS__" />
					<Add option="-D__WXMSW__" />
					<Add option="-DDEBUG=1" />
					<Add option="-D__WXDEBUG__" />
					<Add option="-D__WIN95__" />
					<Add option="-D__WIN32__" />
					<Add option="-DWINVER=0x0400" />
					<Add option="-DSTRICT" />
					<Add option="-DUNICODE" />
					<Add option="-D_UNICODE" />
					<Add option="-DwxUSE_UNICODE" />
					<Add option="-DHUNSPELL_STATIC" />
					<Add option="-Wall" />
					<Add option="-g" />
					<Add option="-O0" />
					<Add directory="." />
					<Add directory="$(WX_PATH)/include" />
					<Add directory="$(WX_PATH)/lib/vc_lib/mswud" />
				</Compiler>
				<ResourceCompiler>
					<Add directory="." />
					<Add directory="$(WX_PATH)/include" />
					<Add directory="$(WX_PATH)/lib/vc_lib/mswud" />
				</ResourceCompiler>
				<Linker>
					<Add library="rpcrt4" />
					<Add library="wsock32" />
					<Add library="comctl32" />
					<Add library="wxbase$(WX_VERSION)ud" />
					<Add library="wxmsw$(WX_VERSION)ud_core" />
					<Add library="wxjpegd" />
					<Add library="wxpngd" />
					<Add library="wxtiffd" />
					<Add library="wxzlibd" />
					<Add library="wxregexud" />
					<Add library="wxbase$(WX_VERSION)ud_net" />
					<Add library="wxmsw$(WX_VERSION)ud_html" />
					<Add library="libhunspelld" />
				</Linker>
			</Target>
			<Target title="Release Unicode Win32">
				<Option output="../build/Release Unicode Win32/mse" prefix_auto="1" extension_auto="1" />
				<Option object_output="../build/Release Unicode Win32" />
				<Option type="0" />
				<Option compiler="gcc" />
				<Compiler>
					<Add option="-DNDEBUG" />
					<Add option="-DWIN32" />
					<Add option="-D_WINDOWS" />
					<Add option="-D__WINDOWS__" />
					<Add option="-D__WXMSW__" />
					<Add option="-D__WIN95__" />
					<Add option="-D__WIN32__" />
					<Add option="-DWINVER=0x0400" />
					<Add option="-DSTRICT" />
					<Add option="-DUNICODE" />
					<Add option="-D_UNICODE" />
					<Add option="-DwxUSE_UNICODE" />
					<Add option="-DHUNSPELL_STATIC" />
					<Add option="-DUSE_SCRIPT_PROFILING=0" />
					<Add option="-Wall" />
					<Add option="-O3" />
					<Add directory="." />
					<Add directory="$(WX_PATH)/include" />
					<Add directory="$(WX_PATH)/lib/vc_lib/mswu" />
				</Compiler>
				<ResourceCompiler>
					<Add directory="." />
					<Add directory="$(WX_PATH)/include" />
					<Add directory="$(WX_PATH)/lib/vc_lib/mswu" />
				</ResourceCompiler>
				<Linker>
					<Add library="rpcrt4" />
					<Add library="wsock32" />
					<Add library="comctl32" />
					<Add library="wxbase$(WX_VERSION)u" />
					<Add library="wxmsw$(WX_VERSION)u_core" />
					<Add library="wxjpeg" />
					<Add library="wxpng" />
					<Add library="wxtiff" />
					<Add library="wxzlib" />
					<Add library="wxregexu" />
					<Add library="wxbase$(WX_VERSION)u_net" />
					<Add library="wxmsw$(WX_VERSION)u_html" />
					<Add library="libhunspell" />
				</Linker>
			</Target>
			<Target title="Release Unicode fast build Win32">
				<Option output="../build/Release Unicode fast build Win32/mse" prefix_auto="1" extension_auto="1" />
				<Option object_output="../build/Release Unicode fast build Win32" />
				<Option type="0" />
				<Option compiler="gcc" />
				<Compiler>
					<Add option="-DNDEBUG" />
					<Add option="-DWIN32" />
					<Add option="-D_WINDOWS" />
					<Add option="-D__WINDOWS__" />
					<Add option="-D__WXMSW__" />
					<Add option="-D__WIN95__" />
					<Add option="-D__WIN32__" />
					<Add option="-DWINVER=0x0400" />
					<Add option="-DSTRICT" />
					<Add option="-DUNICODE" />
					<Add option="-D_UNICODE" />
					<Add option="-DwxUSE_UNICODE" />
					<Add option="-Wall" />
					<Add option="-O3" />
					<Add directory="." />
					<Add directory="$(WX_PATH)/include" />
					<Add directory="$(WX_PATH)/lib/vc_lib/mswu" />
				</Compiler>
				<ResourceCompiler>
					<Add directory="." />
					<Add directory="$(WX_PATH)/include" />
					<Add directory="$(WX_PATH)/lib/vc_lib/mswu" />
				</ResourceCompiler>
				<Linker>
					<Add library="rpcrt4" />
					<Add library="wsock32" />
					<Add library="comctl32" />
					<Add library="wxbase$(WX_VERSION)u" />
					<Add library="wxmsw$(WX_VERSION)u_core" />
					<Add library="wxjpeg" />
					<Add library="wxpng" />
					<Add library="wxtiff" />
					<Add library="wxzlib" />
					<Add library="wxregexu" />
					<Add library="wxbase$(WX_VERSION)u_net" />
					<Add library="wxmsw$(WX_VERSION)u_html" />
					<Add library="libboost_regex-vc71-mt-s" />
					<Add library="libhunspell" />
				</Linker>
			</Target>
		</Build>
		<Unit filename="code_template.cpp" />
		<Unit filename="code_template.hpp" />
		<Unit filename="../data/en.mse-locale/locale" />
		<Unit filename="main.cpp" />
		<Unit filename="C:/Documents and Settings/Administrator/Application Data/Magic Set Editor/mse8.config" />
		<Unit filename="gui/icon_menu.cpp" />
		<Unit filename="gui/icon_menu.hpp" />
		<Unit filename="gui/util.cpp" />
		<Unit filename="gui/util.hpp" />
		<Unit filename="gui/set/cards_panel.cpp" />
		<Unit filename="gui/set/cards_panel.hpp" />
		<Unit filename="gui/set/console_panel.cpp" />
		<Unit filename="gui/set/console_panel.hpp" />
		<Unit filename="gui/set/keywords_panel.cpp" />
		<Unit filename="gui/set/keywords_panel.hpp" />
		<Unit filename="gui/set/panel.cpp" />
		<Unit filename="gui/set/panel.hpp" />
		<Unit filename="gui/set/random_pack_panel.cpp" />
		<Unit filename="gui/set/random_pack_panel.hpp" />
		<Unit filename="gui/set/set_info_panel.cpp" />
		<Unit filename="gui/set/set_info_panel.hpp" />
		<Unit filename="gui/set/stats_panel.cpp" />
		<Unit filename="gui/set/stats_panel.hpp" />
		<Unit filename="gui/set/style_panel.cpp" />
		<Unit filename="gui/set/style_panel.hpp" />
		<Unit filename="gui/set/window.cpp" />
		<Unit filename="gui/set/window.hpp" />
		<Unit filename="gui/control/gallery_list.cpp" />
		<Unit filename="gui/control/gallery_list.hpp" />
		<Unit filename="gui/control/graph.cpp" />
		<Unit filename="gui/control/graph.hpp" />
		<Unit filename="gui/control/package_list.cpp" />
		<Unit filename="gui/control/package_list.hpp" />
		<Unit filename="gui/control/tree_list.cpp" />
		<Unit filename="gui/control/tree_list.hpp" />
		<Unit filename="gui/control/card_list.cpp" />
		<Unit filename="gui/control/card_list.hpp" />
		<Unit filename="gui/control/card_list_column_select.cpp" />
		<Unit filename="gui/control/card_list_column_select.hpp" />
		<Unit filename="gui/control/filtered_card_list.cpp" />
		<Unit filename="gui/control/filtered_card_list.hpp" />
		<Unit filename="gui/control/image_card_list.cpp" />
		<Unit filename="gui/control/image_card_list.hpp" />
		<Unit filename="gui/control/select_card_list.cpp" />
		<Unit filename="gui/control/select_card_list.hpp" />
		<Unit filename="gui/control/item_list.cpp" />
		<Unit filename="gui/control/item_list.hpp" />
		<Unit filename="gui/control/keyword_list.cpp" />
		<Unit filename="gui/control/keyword_list.hpp" />
		<Unit filename="gui/control/card_editor.cpp" />
		<Unit filename="gui/control/card_editor.hpp" />
		<Unit filename="gui/control/card_viewer.cpp" />
		<Unit filename="gui/control/card_viewer.hpp" />
		<Unit filename="gui/control/native_look_editor.cpp" />
		<Unit filename="gui/control/native_look_editor.hpp" />
		<Unit filename="gui/control/text_ctrl.cpp" />
		<Unit filename="gui/control/text_ctrl.hpp" />
		<Unit filename="gui/symbol/basic_shape_editor.cpp" />
		<Unit filename="gui/symbol/basic_shape_editor.hpp" />
		<Unit filename="gui/symbol/control.cpp" />
		<Unit filename="gui/symbol/control.hpp" />
		<Unit filename="gui/symbol/editor.cpp" />
		<Unit filename="gui/symbol/editor.hpp" />
		<Unit filename="gui/symbol/part_list.cpp" />
		<Unit filename="gui/symbol/part_list.hpp" />
		<Unit filename="gui/symbol/point_editor.cpp" />
		<Unit filename="gui/symbol/point_editor.hpp" />
		<Unit filename="gui/symbol/select_editor.cpp" />
		<Unit filename="gui/symbol/select_editor.hpp" />
		<Unit filename="gui/symbol/selection.cpp" />
		<Unit filename="gui/symbol/selection.hpp" />
		<Unit filename="gui/symbol/symmetry_editor.cpp" />
		<Unit filename="gui/symbol/symmetry_editor.hpp" />
		<Unit filename="gui/symbol/window.cpp" />
		<Unit filename="gui/symbol/window.hpp" />
		<Unit filename="gui/about_window.cpp" />
		<Unit filename="gui/about_window.hpp" />
		<Unit filename="gui/auto_replace_window.cpp" />
		<Unit filename="gui/auto_replace_window.hpp" />
		<Unit filename="gui/card_select_window.cpp" />
		<Unit filename="gui/card_select_window.hpp" />
		<Unit filename="gui/drop_down_list.cpp" />
		<Unit filename="gui/drop_down_list.hpp" />
		<Unit filename="gui/control/filter_ctrl.cpp" />
		<Unit filename="gui/control/filter_ctrl.hpp" />
		<Unit filename="gui/html_export_window.cpp" />
		<Unit filename="gui/html_export_window.hpp" />
		<Unit filename="gui/image_slice_window.cpp" />
		<Unit filename="gui/image_slice_window.hpp" />
		<Unit filename="gui/images_export_window.cpp" />
		<Unit filename="gui/images_export_window.hpp" />
		<Unit filename="gui/new_window.cpp" />
		<Unit filename="gui/new_window.hpp" />
		<Unit filename="gui/preferences_window.cpp" />
		<Unit filename="gui/preferences_window.hpp" />
		<Unit filename="gui/print_window.cpp" />
		<Unit filename="gui/print_window.hpp" />
		<Unit filename="gui/profiler_window.cpp" />
		<Unit filename="gui/thumbnail_thread.cpp" />
		<Unit filename="gui/thumbnail_thread.hpp" />
		<Unit filename="gui/welcome_window.cpp" />
		<Unit filename="gui/welcome_window.hpp" />
		<Unit filename="gui/package_update_list.cpp" />
		<Unit filename="gui/package_update_list.hpp" />
		<Unit filename="gui/packages_window.cpp" />
		<Unit filename="gui/packages_window.hpp" />
		<Unit filename="gui/update_checker.cpp" />
		<Unit filename="gui/update_checker.hpp" />
		<Unit filename="gui/value/choice.cpp" />
		<Unit filename="gui/value/choice.hpp" />
		<Unit filename="gui/value/color.cpp" />
		<Unit filename="gui/value/color.hpp" />
		<Unit filename="gui/value/editor.cpp" />
		<Unit filename="gui/value/editor.hpp" />
		<Unit filename="gui/value/image.cpp" />
		<Unit filename="gui/value/image.hpp" />
		<Unit filename="gui/value/information.cpp" />
		<Unit filename="gui/value/information.hpp" />
		<Unit filename="gui/value/multiple_choice.cpp" />
		<Unit filename="gui/value/multiple_choice.hpp" />
		<Unit filename="gui/value/package_choice.cpp" />
		<Unit filename="gui/value/package_choice.hpp" />
		<Unit filename="gui/value/symbol.cpp" />
		<Unit filename="gui/value/symbol.hpp" />
		<Unit filename="gui/value/text.cpp" />
		<Unit filename="gui/value/text.hpp" />
		<Unit filename="resource/msw/mse.rc" />
		<Unit filename="data/action/generic.hpp" />
		<Unit filename="data/action/keyword.cpp" />
		<Unit filename="data/action/keyword.hpp" />
		<Unit filename="data/action/set.cpp" />
		<Unit filename="data/action/set.hpp" />
		<Unit filename="data/action/symbol.cpp" />
		<Unit filename="data/action/symbol.hpp" />
		<Unit filename="data/action/symbol_part.cpp" />
		<Unit filename="data/action/symbol_part.hpp" />
		<Unit filename="data/action/value.cpp" />
		<Unit filename="data/action/value.hpp" />
		<Unit filename="data/format/apprentice.cpp" />
		<Unit filename="data/format/clipboard.cpp" />
		<Unit filename="data/format/clipboard.hpp" />
		<Unit filename="data/format/formats.cpp" />
		<Unit filename="data/format/formats.hpp" />
		<Unit filename="data/format/html.cpp" />
		<Unit filename="data/format/image.cpp" />
		<Unit filename="data/format/image_to_symbol.cpp" />
		<Unit filename="data/format/image_to_symbol.hpp" />
		<Unit filename="data/format/mse1.cpp" />
		<Unit filename="data/format/mse2.cpp" />
		<Unit filename="data/format/mtg_editor.cpp" />
		<Unit filename="data/format/mws.cpp" />
		<Unit filename="data/field/boolean.cpp" />
		<Unit filename="data/field/boolean.hpp" />
		<Unit filename="data/field/choice.cpp" />
		<Unit filename="data/field/choice.hpp" />
		<Unit filename="data/field/color.cpp" />
		<Unit filename="data/field/color.hpp" />
		<Unit filename="data/field.cpp" />
		<Unit filename="data/field.hpp" />
		<Unit filename="data/field/image.cpp" />
		<Unit filename="data/field/image.hpp" />
		<Unit filename="data/field/information.cpp" />
		<Unit filename="data/field/information.hpp" />
		<Unit filename="data/field/multiple_choice.cpp" />
		<Unit filename="data/field/multiple_choice.hpp" />
		<Unit filename="data/field/package_choice.cpp" />
		<Unit filename="data/field/package_choice.hpp" />
		<Unit filename="data/field/symbol.cpp" />
		<Unit filename="data/field/symbol.hpp" />
		<Unit filename="data/field/text.cpp" />
		<Unit filename="data/field/text.hpp" />
		<Unit filename="data/add_cards_script.cpp" />
		<Unit filename="data/add_cards_script.hpp" />
		<Unit filename="data/draw_what.hpp" />
		<Unit filename="data/export_template.cpp" />
		<Unit filename="data/export_template.hpp" />
		<Unit filename="data/filter.hpp" />
		<Unit filename="data/font.cpp" />
		<Unit filename="data/font.hpp" />
		<Unit filename="data/graph_type.hpp" />
		<Unit filename="data/installer.cpp" />
		<Unit filename="data/installer.hpp" />
		<Unit filename="data/keyword.cpp" />
		<Unit filename="data/keyword.hpp" />
		<Unit filename="data/locale.cpp" />
		<Unit filename="data/locale.hpp" />
		<Unit filename="data/pack.cpp" />
		<Unit filename="data/pack.hpp" />
		<Unit filename="data/statistics.cpp" />
		<Unit filename="data/statistics.hpp" />
		<Unit filename="data/symbol_font.cpp" />
		<Unit filename="data/symbol_font.hpp" />
		<Unit filename="data/word_list.cpp" />
		<Unit filename="data/word_list.hpp" />
		<Unit filename="data/card.cpp" />
		<Unit filename="data/card.hpp" />
		<Unit filename="data/game.cpp" />
		<Unit filename="data/game.hpp" />
		<Unit filename="data/set.cpp" />
		<Unit filename="data/set.hpp" />
		<Unit filename="data/settings.cpp" />
		<Unit filename="data/settings.hpp" />
		<Unit filename="data/stylesheet.cpp" />
		<Unit filename="data/stylesheet.hpp" />
		<Unit filename="data/symbol.cpp" />
		<Unit filename="data/symbol.hpp" />
		<Unit filename="util/io/get_member.cpp" />
		<Unit filename="util/io/get_member.hpp" />
		<Unit filename="util/io/package.cpp" />
		<Unit filename="util/io/package.hpp" />
		<Unit filename="util/io/package_manager.cpp" />
		<Unit filename="util/io/package_manager.hpp" />
		<Unit filename="util/io/reader.cpp" />
		<Unit filename="util/io/reader.hpp" />
		<Unit filename="util/reflect.hpp" />
		<Unit filename="util/io/writer.cpp" />
		<Unit filename="util/io/writer.hpp" />
		<Unit filename="util/action_stack.cpp" />
		<Unit filename="util/action_stack.hpp" />
		<Unit filename="util/age.cpp" />
		<Unit filename="util/age.hpp" />
		<Unit filename="util/alignment.cpp" />
		<Unit filename="util/alignment.hpp" />
		<Unit filename="util/defaultable.hpp" />
		<Unit filename="util/delayed_index_maps.hpp" />
		<Unit filename="util/find_replace.hpp" />
		<Unit filename="util/index_map.hpp" />
		<Unit filename="util/locale.hpp" />
		<Unit filename="util/real_point.hpp" />
		<Unit filename="util/regex.cpp" />
		<Unit filename="util/regex.hpp" />
		<Unit filename="util/spell_checker.cpp" />
		<Unit filename="util/spell_checker.hpp" />
		<Unit filename="util/vector2d.hpp" />
		<Unit filename="util/version.cpp" />
		<Unit filename="util/version.hpp" />
		<Unit filename="util/error.cpp" />
		<Unit filename="util/error.hpp" />
		<Unit filename="util/for_each.hpp" />
		<Unit filename="util/platform.hpp" />
		<Unit filename="util/prec.hpp" />
		<Unit filename="util/rotation.cpp" />
		<Unit filename="util/rotation.hpp" />
		<Unit filename="util/smart_ptr.hpp" />
		<Unit filename="util/string.cpp" />
		<Unit filename="util/string.hpp" />
		<Unit filename="util/tagged_string.cpp" />
		<Unit filename="util/tagged_string.hpp" />
		<Unit filename="util/window_id.hpp" />
		<Unit filename="util/angle.hpp" />
		<Unit filename="util/atomic.hpp" />
		<Unit filename="util/dynamic_arg.hpp" />
		<Unit filename="util/file_utils.cpp" />
		<Unit filename="util/file_utils.hpp" />
		<Unit filename="util/order_cache.hpp" />
		<Unit filename="util/spec_sort.cpp" />
		<Unit filename="util/spec_sort.hpp" />
		<Unit filename="util/vcs/subversion.cpp" />
		<Unit filename="util/vcs/subversion.hpp" />
		<Unit filename="util/vcs.cpp" />
		<Unit filename="util/vcs.hpp" />
		<Unit filename="gfx/bezier.cpp" />
		<Unit filename="gfx/bezier.hpp" />
		<Unit filename="gfx/blend_image.cpp" />
		<Unit filename="gfx/color.cpp" />
		<Unit filename="gfx/color.hpp" />
		<Unit filename="gfx/combine_image.cpp" />
		<Unit filename="gfx/generated_image.cpp" />
		<Unit filename="gfx/generated_image.hpp" />
		<Unit filename="gfx/gfx.hpp" />
		<Unit filename="gfx/image_effects.cpp" />
		<Unit filename="gfx/mask_image.cpp" />
		<Unit filename="gfx/polynomial.cpp" />
		<Unit filename="gfx/polynomial.hpp" />
		<Unit filename="gfx/resample_image.cpp" />
		<Unit filename="gfx/resample_text.cpp" />
		<Unit filename="gfx/rotate_image.cpp" />
		<Unit filename="script/functions/basic.cpp" />
		<Unit filename="script/functions/construction.cpp" />
		<Unit filename="script/functions/editor.cpp" />
		<Unit filename="script/functions/english.cpp" />
		<Unit filename="script/functions/export.cpp" />
		<Unit filename="script/functions/functions.hpp" />
		<Unit filename="script/functions/image.cpp" />
		<Unit filename="script/functions/regex.cpp" />
		<Unit filename="script/functions/spelling.cpp" />
		<Unit filename="script/functions/util.hpp" />
		<Unit filename="script/dependency.hpp" />
		<Unit filename="script/script.cpp" />
		<Unit filename="script/script.hpp" />
		<Unit filename="script/to_value.hpp" />
		<Unit filename="script/value.cpp" />
		<Unit filename="script/value.hpp" />
		<Unit filename="script/context.cpp" />
		<Unit filename="script/context.hpp" />
		<Unit filename="script/dependency.cpp" />
		<Unit filename="script/parser.cpp" />
		<Unit filename="script/parser.hpp" />
		<Unit filename="script/profiler.cpp" />
		<Unit filename="script/profiler.hpp" />
		<Unit filename="script/image.cpp" />
		<Unit filename="script/image.hpp" />
		<Unit filename="script/script_manager.cpp" />
		<Unit filename="script/script_manager.hpp" />
		<Unit filename="script/scriptable.cpp" />
		<Unit filename="script/scriptable.hpp" />
		<Unit filename="render/value/choice.cpp" />
		<Unit filename="render/value/choice.hpp" />
		<Unit filename="render/value/color.cpp" />
		<Unit filename="render/value/color.hpp" />
		<Unit filename="render/value/image.cpp" />
		<Unit filename="render/value/image.hpp" />
		<Unit filename="render/value/information.cpp" />
		<Unit filename="render/value/information.hpp" />
		<Unit filename="render/value/multiple_choice.cpp" />
		<Unit filename="render/value/multiple_choice.hpp" />
		<Unit filename="render/value/package_choice.cpp" />
		<Unit filename="render/value/package_choice.hpp" />
		<Unit filename="render/value/symbol.cpp" />
		<Unit filename="render/value/symbol.hpp" />
		<Unit filename="render/value/text.cpp" />
		<Unit filename="render/value/text.hpp" />
		<Unit filename="render/value/viewer.cpp" />
		<Unit filename="render/value/viewer.hpp" />
		<Unit filename="render/card/viewer.cpp" />
		<Unit filename="render/card/viewer.hpp" />
		<Unit filename="render/symbol/filter.cpp" />
		<Unit filename="render/symbol/filter.hpp" />
		<Unit filename="render/symbol/viewer.cpp" />
		<Unit filename="render/symbol/viewer.hpp" />
		<Unit filename="render/text/compound.cpp" />
		<Unit filename="render/text/element.cpp" />
		<Unit filename="render/text/element.hpp" />
		<Unit filename="render/text/font.cpp" />
		<Unit filename="render/text/symbol.cpp" />
		<Unit filename="render/text/viewer.cpp" />
		<Unit filename="render/text/viewer.hpp" />
		<Unit filename="../doc/about/index.txt" />
		<Unit filename="../doc/about/license.txt" />
		<Unit filename="../doc/file/format.txt" />
		<Unit filename="../doc/file/index.txt" />
		<Unit filename="../doc/file/package.txt" />
		<Unit filename="../doc/file/style_triangle.txt" />
		<Unit filename="../doc/script/best_practices.txt" />
		<Unit filename="../doc/script/control_structures.txt" />
		<Unit filename="../doc/script/default_arguments.txt" />
		<Unit filename="../doc/script/functions.txt" />
		<Unit filename="../doc/script/index.txt" />
		<Unit filename="../doc/script/introduction.txt" />
		<Unit filename="../doc/script/operators.txt" />
		<Unit filename="../doc/script/predefined_variables.txt" />
		<Unit filename="../doc/script/variables.txt" />
		<Unit filename="../doc/function/assert.txt" />
		<Unit filename="../doc/function/break_text.txt" />
		<Unit filename="../doc/function/built_in_image.txt" />
		<Unit filename="../doc/function/chosen.txt" />
		<Unit filename="../doc/function/combine_blend.txt" />
		<Unit filename="../doc/function/combined_editor.txt" />
		<Unit filename="../doc/function/contains.txt" />
		<Unit filename="../doc/function/copy_file.txt" />
		<Unit filename="../doc/function/count_chosen.txt" />
		<Unit filename="../doc/function/crop.txt" />
		<Unit filename="../doc/function/curly_quotes.txt" />
		<Unit filename="../doc/function/drop_shadow.txt" />
		<Unit filename="../doc/function/english_number.txt" />
		<Unit filename="../doc/function/english_plural.txt" />
		<Unit filename="../doc/function/enlarge.txt" />
		<Unit filename="../doc/function/exclusive_choice.txt" />
		<Unit filename="../doc/function/expand_keywords.txt" />
		<Unit filename="../doc/function/filter_list.txt" />
		<Unit filename="../doc/function/filter_text.txt" />
		<Unit filename="../doc/function/format.txt" />
		<Unit filename="../doc/function/index.txt" />
		<Unit filename="../doc/function/invert_image.txt" />
		<Unit filename="../doc/function/keyword_usage.txt" />
		<Unit filename="../doc/function/length.txt" />
		<Unit filename="../doc/function/linear_blend.txt" />
		<Unit filename="../doc/function/masked_blend.txt" />
		<Unit filename="../doc/function/match.txt" />
		<Unit filename="../doc/function/number_of_items.txt" />
		<Unit filename="../doc/function/position.txt" />
		<Unit filename="../doc/function/primary_choice.txt" />
		<Unit filename="../doc/function/process_english_hints.txt" />
		<Unit filename="../doc/function/recolor_image.txt" />
		<Unit filename="../doc/function/regex_escape.txt" />
		<Unit filename="../doc/function/remove_choice.txt" />
		<Unit filename="../doc/function/remove_tag.txt" />
		<Unit filename="../doc/function/remove_tags.txt" />
		<Unit filename="../doc/function/replace.txt" />
		<Unit filename="../doc/function/require_choice.txt" />
		<Unit filename="../doc/function/require_exclusive_choice.txt" />
		<Unit filename="../doc/function/reverse.txt" />
		<Unit filename="../doc/function/saturate.txt" />
		<Unit filename="../doc/function/set_alpha.txt" />
		<Unit filename="../doc/function/set_combine.txt" />
		<Unit filename="../doc/function/set_mask.txt" />
		<Unit filename="../doc/function/sort_list.txt" />
		<Unit filename="../doc/function/sort_text.txt" />
		<Unit filename="../doc/function/substring.txt" />
		<Unit filename="../doc/function/symbol_variation.txt" />
		<Unit filename="../doc/function/symbols_to_html.txt" />
		<Unit filename="../doc/function/tag_contents.txt" />
		<Unit filename="../doc/function/to_boolean.txt" />
		<Unit filename="../doc/function/to_color.txt" />
		<Unit filename="../doc/function/to_html.txt" />
		<Unit filename="../doc/function/to_int.txt" />
		<Unit filename="../doc/function/to_lower.txt" />
		<Unit filename="../doc/function/to_real.txt" />
		<Unit filename="../doc/function/to_string.txt" />
		<Unit filename="../doc/function/to_text.txt" />
		<Unit filename="../doc/function/to_title.txt" />
		<Unit filename="../doc/function/to_upper.txt" />
		<Unit filename="../doc/function/trace.txt" />
		<Unit filename="../doc/function/trim.txt" />
		<Unit filename="../doc/function/write_image_file.txt" />
		<Unit filename="../doc/function/write_text_file.txt" />
		<Unit filename="../doc/type/alignment.txt" />
		<Unit filename="../doc/type/boolean.txt" />
		<Unit filename="../doc/type/card.txt" />
		<Unit filename="../doc/type/choice.txt" />
		<Unit filename="../doc/type/choice_render_style.txt" />
		<Unit filename="../doc/type/color.txt" />
		<Unit filename="../doc/type/color_choice.txt" />
		<Unit filename="../doc/type/combine.txt" />
		<Unit filename="../doc/type/control_point.txt" />
		<Unit filename="../doc/type/dependency.txt" />
		<Unit filename="../doc/type/direction.txt" />
		<Unit filename="../doc/type/double.txt" />
		<Unit filename="../doc/type/export_template.txt" />
		<Unit filename="../doc/type/field.txt" />
		<Unit filename="../doc/type/filename.txt" />
		<Unit filename="../doc/type/font.txt" />
		<Unit filename="../doc/type/function.txt" />
		<Unit filename="../doc/type/game.txt" />
		<Unit filename="../doc/type/graph_type.txt" />
		<Unit filename="../doc/type/image.txt" />
		<Unit filename="../doc/type/include.txt" />
		<Unit filename="../doc/type/index.txt" />
		<Unit filename="../doc/type/indexmap.txt" />
		<Unit filename="../doc/type/insert_symbol_menu.txt" />
		<Unit filename="../doc/type/installer.txt" />
		<Unit filename="../doc/type/int.txt" />
		<Unit filename="../doc/type/keyword.txt" />
		<Unit filename="../doc/type/keyword_mode.txt" />
		<Unit filename="../doc/type/keyword_param_reference_script.txt" />
		<Unit filename="../doc/type/keyword_param_type.txt" />
		<Unit filename="../doc/type/list.txt" />
		<Unit filename="../doc/type/locale.txt" />
		<Unit filename="../doc/type/map.txt" />
		<Unit filename="../doc/type/pack_item.txt" />
		<Unit filename="../doc/type/pack_item_reference.txt" />
		<Unit filename="../doc/type/pack_type.txt" />
		<Unit filename="../doc/type/regex.txt" />
		<Unit filename="../doc/type/script.txt" />
		<Unit filename="../doc/type/scriptable.txt" />
		<Unit filename="../doc/type/set.txt" />
		<Unit filename="../doc/type/settings.txt" />
		<Unit filename="../doc/type/statistics_category.txt" />
		<Unit filename="../doc/type/statistics_dimension.txt" />
		<Unit filename="../doc/type/string.txt" />
		<Unit filename="../doc/type/style.txt" />
		<Unit filename="../doc/type/stylesheet.txt" />
		<Unit filename="../doc/type/symbol.txt" />
		<Unit filename="../doc/type/symbol_combine.txt" />
		<Unit filename="../doc/type/symbol_font.txt" />
		<Unit filename="../doc/type/symbol_font_reference.txt" />
		<Unit filename="../doc/type/symbol_font_symbol.txt" />
		<Unit filename="../doc/type/symbol_part.txt" />
		<Unit filename="../doc/type/symbol_variation.txt" />
		<Unit filename="../doc/type/tagged_string.txt" />
		<Unit filename="../doc/type/value.txt" />
		<Unit filename="../doc/type/vector2d.txt" />
		<Unit filename="../doc/type/version.txt" />
		<Unit filename="../doc/type/word_list.txt" />
		<Unit filename="../doc/type/word_list_word.txt" />
		<Unit filename="../doc/cli/cli.txt" />
		<Unit filename="../doc/cli/index.txt" />
		<Unit filename="cli/cli_main.cpp" />
		<Unit filename="cli/cli_main.hpp" />
		<Unit filename="cli/text_io_handler.cpp" />
		<Unit filename="cli/text_io_handler.hpp" />
		<Unit filename="../data/magic.mse-game/add_cards_scripts" />
		<Unit filename="../data/magic.mse-game/auto_replace" />
		<Unit filename="../data/magic.mse-game/card_fields" />
		<Unit filename="../data/magic.mse-game/game" />
		<Unit filename="../data/magic.mse-game/keywords" />
		<Unit filename="../data/magic.mse-game/language" />
		<Unit filename="../data/magic.mse-game/packs" />
		<Unit filename="../data/magic.mse-game/script" />
		<Unit filename="../data/magic.mse-game/set_fields" />
		<Unit filename="../data/magic.mse-game/statistics" />
		<Unit filename="../data/magic.mse-game/word_lists" />
		<Unit filename="../data/magic-test.mse-style/magic-script-tests" />
		<Unit filename="../data/magic-test.mse-style/script-language-tests" />
		<Unit filename="../data/magic-test.mse-style/style" />
		<Extensions>
			<code_completion />
			<envvars />
			<debugger />
		</Extensions>
	</Project>
</CodeBlocks_project_file>
